// !$*UTF8*$!
{
	archiveVersion = 1;
	classes = {
	};
	objectVersion = 51;
	objects = {

/* Begin PBXBuildFile section */
		39F9977E610901DF6F92D44D /* Pods_BankTests.framework in Frameworks */ = {isa = PBXBuildFile; fileRef = 8D5E01D745D627406D7165F8 /* Pods_BankTests.framework */; };
		63E155DE6D34319B3273E0D5 /* Pods_Bank.framework in Frameworks */ = {isa = PBXBuildFile; fileRef = 2A7D54DED4D55E5621D5D5AA /* Pods_Bank.framework */; };
		D0A8CB9B20834B77740D0FBB /* Pods_Bank_BankUITests.framework in Frameworks */ = {isa = PBXBuildFile; fileRef = F612AC1A1D9537D41D8C8EE5 /* Pods_Bank_BankUITests.framework */; };
		D543C84A25AB961900B93C54 /* API.swift in Sources */ = {isa = PBXBuildFile; fileRef = D543C84925AB961900B93C54 /* API.swift */; };
		D543C85225AB965600B93C54 /* APIError.swift in Sources */ = {isa = PBXBuildFile; fileRef = D543C85125AB965600B93C54 /* APIError.swift */; };
		D543C87325AB9BA500B93C54 /* APIAccount.swift in Sources */ = {isa = PBXBuildFile; fileRef = D543C87225AB9BA500B93C54 /* APIAccount.swift */; };
		D543C88D25ABA91B00B93C54 /* APICards.swift in Sources */ = {isa = PBXBuildFile; fileRef = D543C88C25ABA91B00B93C54 /* APICards.swift */; };
		D543C8A025ABAAFE00B93C54 /* APIInvest.swift in Sources */ = {isa = PBXBuildFile; fileRef = D543C89F25ABAAFE00B93C54 /* APIInvest.swift */; };
		D590C219259623C900B833E3 /* AppDelegate.swift in Sources */ = {isa = PBXBuildFile; fileRef = D590C218259623C900B833E3 /* AppDelegate.swift */; };
		D590C21B259623C900B833E3 /* SceneDelegate.swift in Sources */ = {isa = PBXBuildFile; fileRef = D590C21A259623C900B833E3 /* SceneDelegate.swift */; };
		D590C21D259623C900B833E3 /* ViewController.swift in Sources */ = {isa = PBXBuildFile; fileRef = D590C21C259623C900B833E3 /* ViewController.swift */; };
		D590C222259623CA00B833E3 /* Assets.xcassets in Resources */ = {isa = PBXBuildFile; fileRef = D590C221259623CA00B833E3 /* Assets.xcassets */; };
		D590C225259623CA00B833E3 /* LaunchScreen.storyboard in Resources */ = {isa = PBXBuildFile; fileRef = D590C223259623CA00B833E3 /* LaunchScreen.storyboard */; };
		D590C230259623CA00B833E3 /* BankTests.swift in Sources */ = {isa = PBXBuildFile; fileRef = D590C22F259623CA00B833E3 /* BankTests.swift */; };
		D590C23B259623CA00B833E3 /* BankUITests.swift in Sources */ = {isa = PBXBuildFile; fileRef = D590C23A259623CA00B833E3 /* BankUITests.swift */; };
		D590C258259625DC00B833E3 /* TabBarController.swift in Sources */ = {isa = PBXBuildFile; fileRef = D590C257259625DC00B833E3 /* TabBarController.swift */; };
		D590C25D2596266200B833E3 /* NavigationController.swift in Sources */ = {isa = PBXBuildFile; fileRef = D590C25C2596266200B833E3 /* NavigationController.swift */; };
		D590C270259627B500B833E3 /* AccountCoordinator.swift in Sources */ = {isa = PBXBuildFile; fileRef = D590C26F259627B500B833E3 /* AccountCoordinator.swift */; };
		D590C2782596282600B833E3 /* Coordinator.swift in Sources */ = {isa = PBXBuildFile; fileRef = D590C2772596282600B833E3 /* Coordinator.swift */; };
		D590C2872596294000B833E3 /* AccountHomeViewController.swift in Sources */ = {isa = PBXBuildFile; fileRef = D590C2852596294000B833E3 /* AccountHomeViewController.swift */; };
		D590C2882596294000B833E3 /* AccountHomeViewController.xib in Resources */ = {isa = PBXBuildFile; fileRef = D590C2862596294000B833E3 /* AccountHomeViewController.xib */; };
		D590C28D2596298500B833E3 /* ViewModel.swift in Sources */ = {isa = PBXBuildFile; fileRef = D590C28C2596298500B833E3 /* ViewModel.swift */; };
		D590C2922596299900B833E3 /* AccountHomeViewModel.swift in Sources */ = {isa = PBXBuildFile; fileRef = D590C2912596299900B833E3 /* AccountHomeViewModel.swift */; };
		D590C2972596306B00B833E3 /* CardsCoordinator.swift in Sources */ = {isa = PBXBuildFile; fileRef = D590C2962596306B00B833E3 /* CardsCoordinator.swift */; };
		D590C29F2596311600B833E3 /* InvestCoordinator.swift in Sources */ = {isa = PBXBuildFile; fileRef = D590C29E2596311600B833E3 /* InvestCoordinator.swift */; };
		D590C2A42596312200B833E3 /* ProfileCoordinator.swift in Sources */ = {isa = PBXBuildFile; fileRef = D590C2A32596312100B833E3 /* ProfileCoordinator.swift */; };
		D590C2B025963C9F00B833E3 /* CardsHomeViewController.swift in Sources */ = {isa = PBXBuildFile; fileRef = D590C2AC25963C9F00B833E3 /* CardsHomeViewController.swift */; };
		D590C2B125963C9F00B833E3 /* CardsHomeViewModel.swift in Sources */ = {isa = PBXBuildFile; fileRef = D590C2AD25963C9F00B833E3 /* CardsHomeViewModel.swift */; };
		D590C2B225963C9F00B833E3 /* CardsHomeViewController.xib in Resources */ = {isa = PBXBuildFile; fileRef = D590C2AE25963C9F00B833E3 /* CardsHomeViewController.xib */; };
		D590C2BE25963DA500B833E3 /* InvestHomeViewController.swift in Sources */ = {isa = PBXBuildFile; fileRef = D590C2BB25963DA500B833E3 /* InvestHomeViewController.swift */; };
		D590C2BF25963DA500B833E3 /* InvestHomeViewModel.swift in Sources */ = {isa = PBXBuildFile; fileRef = D590C2BC25963DA500B833E3 /* InvestHomeViewModel.swift */; };
		D590C2C025963DA500B833E3 /* InvestHomeViewController.xib in Resources */ = {isa = PBXBuildFile; fileRef = D590C2BD25963DA500B833E3 /* InvestHomeViewController.xib */; };
		D590C2C825963DFA00B833E3 /* ProfileHomeViewController.swift in Sources */ = {isa = PBXBuildFile; fileRef = D590C2C525963DFA00B833E3 /* ProfileHomeViewController.swift */; };
		D590C2C925963DFA00B833E3 /* ProfileHomeViewModel.swift in Sources */ = {isa = PBXBuildFile; fileRef = D590C2C625963DFA00B833E3 /* ProfileHomeViewModel.swift */; };
		D590C2CA25963DFA00B833E3 /* ProfileHomeViewController.xib in Resources */ = {isa = PBXBuildFile; fileRef = D590C2C725963DFA00B833E3 /* ProfileHomeViewController.xib */; };
		D590C2DA25969F8700B833E3 /* BalanceTableViewCell.swift in Sources */ = {isa = PBXBuildFile; fileRef = D590C2D825969F8700B833E3 /* BalanceTableViewCell.swift */; };
		D590C2DB25969F8700B833E3 /* BalanceTableViewCell.xib in Resources */ = {isa = PBXBuildFile; fileRef = D590C2D925969F8700B833E3 /* BalanceTableViewCell.xib */; };
		D590C3132596B35200B833E3 /* SearchController.swift in Sources */ = {isa = PBXBuildFile; fileRef = D590C3122596B35200B833E3 /* SearchController.swift */; };
		D590C34725977EAD00B833E3 /* Menu.swift in Sources */ = {isa = PBXBuildFile; fileRef = D590C34625977EAD00B833E3 /* Menu.swift */; };
		D590C3512597816600B833E3 /* ItemTableViewCell.swift in Sources */ = {isa = PBXBuildFile; fileRef = D590C34F2597816600B833E3 /* ItemTableViewCell.swift */; };
		D590C3522597816600B833E3 /* ItemTableViewCell.xib in Resources */ = {isa = PBXBuildFile; fileRef = D590C3502597816600B833E3 /* ItemTableViewCell.xib */; };
		D590C3672597C85700B833E3 /* ComingSoonViewController.swift in Sources */ = {isa = PBXBuildFile; fileRef = D590C3642597C85700B833E3 /* ComingSoonViewController.swift */; };
		D590C3682597C85700B833E3 /* ComingSoonViewModel.swift in Sources */ = {isa = PBXBuildFile; fileRef = D590C3652597C85700B833E3 /* ComingSoonViewModel.swift */; };
		D590C3692597C85700B833E3 /* ComingSoonViewController.xib in Resources */ = {isa = PBXBuildFile; fileRef = D590C3662597C85700B833E3 /* ComingSoonViewController.xib */; };
		D590C3822598D06200B833E3 /* CardCollectionViewCell.swift in Sources */ = {isa = PBXBuildFile; fileRef = D590C3802598D06200B833E3 /* CardCollectionViewCell.swift */; };
		D590C3832598D06200B833E3 /* CardCollectionViewCell.xib in Resources */ = {isa = PBXBuildFile; fileRef = D590C3812598D06200B833E3 /* CardCollectionViewCell.xib */; };
		D590C38C2599501400B833E3 /* MenuButton.swift in Sources */ = {isa = PBXBuildFile; fileRef = D590C38B2599501400B833E3 /* MenuButton.swift */; };
		D590C396259957CD00B833E3 /* CardInfoTableViewCell.swift in Sources */ = {isa = PBXBuildFile; fileRef = D590C394259957CD00B833E3 /* CardInfoTableViewCell.swift */; };
		D590C397259957CD00B833E3 /* CardInfoTableViewCell.xib in Resources */ = {isa = PBXBuildFile; fileRef = D590C395259957CD00B833E3 /* CardInfoTableViewCell.xib */; };
		D590C3A9259CB22000B833E3 /* MenuTableView.swift in Sources */ = {isa = PBXBuildFile; fileRef = D590C3A8259CB22000B833E3 /* MenuTableView.swift */; };
		D590C3AE259CB4B700B833E3 /* MenuSection.swift in Sources */ = {isa = PBXBuildFile; fileRef = D590C3AD259CB4B700B833E3 /* MenuSection.swift */; };
/* End PBXBuildFile section */

/* Begin PBXContainerItemProxy section */
		D590C22C259623CA00B833E3 /* PBXContainerItemProxy */ = {
			isa = PBXContainerItemProxy;
			containerPortal = D590C20D259623C800B833E3 /* Project object */;
			proxyType = 1;
			remoteGlobalIDString = D590C214259623C800B833E3;
			remoteInfo = Bank;
		};
		D590C237259623CA00B833E3 /* PBXContainerItemProxy */ = {
			isa = PBXContainerItemProxy;
			containerPortal = D590C20D259623C800B833E3 /* Project object */;
			proxyType = 1;
			remoteGlobalIDString = D590C214259623C800B833E3;
			remoteInfo = Bank;
		};
/* End PBXContainerItemProxy section */

/* Begin PBXFileReference section */
		2A7D54DED4D55E5621D5D5AA /* Pods_Bank.framework */ = {isa = PBXFileReference; explicitFileType = wrapper.framework; includeInIndex = 0; path = Pods_Bank.framework; sourceTree = BUILT_PRODUCTS_DIR; };
		3181B3728BD49D2CC5B3D1A5 /* Pods-Bank.release.xcconfig */ = {isa = PBXFileReference; includeInIndex = 1; lastKnownFileType = text.xcconfig; name = "Pods-Bank.release.xcconfig"; path = "Target Support Files/Pods-Bank/Pods-Bank.release.xcconfig"; sourceTree = "<group>"; };
		7AFC1473C5AB2D34D7077D2C /* Pods-BankTests.release.xcconfig */ = {isa = PBXFileReference; includeInIndex = 1; lastKnownFileType = text.xcconfig; name = "Pods-BankTests.release.xcconfig"; path = "Target Support Files/Pods-BankTests/Pods-BankTests.release.xcconfig"; sourceTree = "<group>"; };
		8D5E01D745D627406D7165F8 /* Pods_BankTests.framework */ = {isa = PBXFileReference; explicitFileType = wrapper.framework; includeInIndex = 0; path = Pods_BankTests.framework; sourceTree = BUILT_PRODUCTS_DIR; };
		951D8A1A4EC226F6358D1024 /* Pods-BankTests.debug.xcconfig */ = {isa = PBXFileReference; includeInIndex = 1; lastKnownFileType = text.xcconfig; name = "Pods-BankTests.debug.xcconfig"; path = "Target Support Files/Pods-BankTests/Pods-BankTests.debug.xcconfig"; sourceTree = "<group>"; };
		D14F8A21603C4F3117110156 /* Pods-Bank-BankUITests.debug.xcconfig */ = {isa = PBXFileReference; includeInIndex = 1; lastKnownFileType = text.xcconfig; name = "Pods-Bank-BankUITests.debug.xcconfig"; path = "Target Support Files/Pods-Bank-BankUITests/Pods-Bank-BankUITests.debug.xcconfig"; sourceTree = "<group>"; };
		D543C84925AB961900B93C54 /* API.swift */ = {isa = PBXFileReference; lastKnownFileType = sourcecode.swift; path = API.swift; sourceTree = "<group>"; };
		D543C85125AB965600B93C54 /* APIError.swift */ = {isa = PBXFileReference; lastKnownFileType = sourcecode.swift; path = APIError.swift; sourceTree = "<group>"; };
		D543C87225AB9BA500B93C54 /* APIAccount.swift */ = {isa = PBXFileReference; lastKnownFileType = sourcecode.swift; path = APIAccount.swift; sourceTree = "<group>"; };
		D543C88C25ABA91B00B93C54 /* APICards.swift */ = {isa = PBXFileReference; lastKnownFileType = sourcecode.swift; path = APICards.swift; sourceTree = "<group>"; };
		D543C89F25ABAAFE00B93C54 /* APIInvest.swift */ = {isa = PBXFileReference; fileEncoding = 4; lastKnownFileType = sourcecode.swift; path = APIInvest.swift; sourceTree = "<group>"; };
		D590C215259623C900B833E3 /* Bank.app */ = {isa = PBXFileReference; explicitFileType = wrapper.application; includeInIndex = 0; path = Bank.app; sourceTree = BUILT_PRODUCTS_DIR; };
		D590C218259623C900B833E3 /* AppDelegate.swift */ = {isa = PBXFileReference; lastKnownFileType = sourcecode.swift; path = AppDelegate.swift; sourceTree = "<group>"; };
		D590C21A259623C900B833E3 /* SceneDelegate.swift */ = {isa = PBXFileReference; lastKnownFileType = sourcecode.swift; path = SceneDelegate.swift; sourceTree = "<group>"; };
		D590C21C259623C900B833E3 /* ViewController.swift */ = {isa = PBXFileReference; lastKnownFileType = sourcecode.swift; path = ViewController.swift; sourceTree = "<group>"; };
		D590C221259623CA00B833E3 /* Assets.xcassets */ = {isa = PBXFileReference; lastKnownFileType = folder.assetcatalog; path = Assets.xcassets; sourceTree = "<group>"; };
		D590C224259623CA00B833E3 /* Base */ = {isa = PBXFileReference; lastKnownFileType = file.storyboard; name = Base; path = Base.lproj/LaunchScreen.storyboard; sourceTree = "<group>"; };
		D590C226259623CA00B833E3 /* Info.plist */ = {isa = PBXFileReference; lastKnownFileType = text.plist.xml; path = Info.plist; sourceTree = "<group>"; };
		D590C22B259623CA00B833E3 /* BankTests.xctest */ = {isa = PBXFileReference; explicitFileType = wrapper.cfbundle; includeInIndex = 0; path = BankTests.xctest; sourceTree = BUILT_PRODUCTS_DIR; };
		D590C22F259623CA00B833E3 /* BankTests.swift */ = {isa = PBXFileReference; lastKnownFileType = sourcecode.swift; path = BankTests.swift; sourceTree = "<group>"; };
		D590C231259623CA00B833E3 /* Info.plist */ = {isa = PBXFileReference; lastKnownFileType = text.plist.xml; path = Info.plist; sourceTree = "<group>"; };
		D590C236259623CA00B833E3 /* BankUITests.xctest */ = {isa = PBXFileReference; explicitFileType = wrapper.cfbundle; includeInIndex = 0; path = BankUITests.xctest; sourceTree = BUILT_PRODUCTS_DIR; };
		D590C23A259623CA00B833E3 /* BankUITests.swift */ = {isa = PBXFileReference; lastKnownFileType = sourcecode.swift; path = BankUITests.swift; sourceTree = "<group>"; };
		D590C23C259623CA00B833E3 /* Info.plist */ = {isa = PBXFileReference; lastKnownFileType = text.plist.xml; path = Info.plist; sourceTree = "<group>"; };
		D590C257259625DC00B833E3 /* TabBarController.swift */ = {isa = PBXFileReference; lastKnownFileType = sourcecode.swift; path = TabBarController.swift; sourceTree = "<group>"; };
		D590C25C2596266200B833E3 /* NavigationController.swift */ = {isa = PBXFileReference; lastKnownFileType = sourcecode.swift; path = NavigationController.swift; sourceTree = "<group>"; };
		D590C26F259627B500B833E3 /* AccountCoordinator.swift */ = {isa = PBXFileReference; lastKnownFileType = sourcecode.swift; path = AccountCoordinator.swift; sourceTree = "<group>"; };
		D590C2772596282600B833E3 /* Coordinator.swift */ = {isa = PBXFileReference; lastKnownFileType = sourcecode.swift; path = Coordinator.swift; sourceTree = "<group>"; };
		D590C2852596294000B833E3 /* AccountHomeViewController.swift */ = {isa = PBXFileReference; lastKnownFileType = sourcecode.swift; path = AccountHomeViewController.swift; sourceTree = "<group>"; };
		D590C2862596294000B833E3 /* AccountHomeViewController.xib */ = {isa = PBXFileReference; lastKnownFileType = file.xib; path = AccountHomeViewController.xib; sourceTree = "<group>"; };
		D590C28C2596298500B833E3 /* ViewModel.swift */ = {isa = PBXFileReference; lastKnownFileType = sourcecode.swift; path = ViewModel.swift; sourceTree = "<group>"; };
		D590C2912596299900B833E3 /* AccountHomeViewModel.swift */ = {isa = PBXFileReference; lastKnownFileType = sourcecode.swift; path = AccountHomeViewModel.swift; sourceTree = "<group>"; };
		D590C2962596306B00B833E3 /* CardsCoordinator.swift */ = {isa = PBXFileReference; fileEncoding = 4; lastKnownFileType = sourcecode.swift; path = CardsCoordinator.swift; sourceTree = "<group>"; };
		D590C29E2596311600B833E3 /* InvestCoordinator.swift */ = {isa = PBXFileReference; fileEncoding = 4; lastKnownFileType = sourcecode.swift; path = InvestCoordinator.swift; sourceTree = "<group>"; };
		D590C2A32596312100B833E3 /* ProfileCoordinator.swift */ = {isa = PBXFileReference; fileEncoding = 4; lastKnownFileType = sourcecode.swift; path = ProfileCoordinator.swift; sourceTree = "<group>"; };
		D590C2AC25963C9F00B833E3 /* CardsHomeViewController.swift */ = {isa = PBXFileReference; lastKnownFileType = sourcecode.swift; path = CardsHomeViewController.swift; sourceTree = "<group>"; };
		D590C2AD25963C9F00B833E3 /* CardsHomeViewModel.swift */ = {isa = PBXFileReference; lastKnownFileType = sourcecode.swift; path = CardsHomeViewModel.swift; sourceTree = "<group>"; };
		D590C2AE25963C9F00B833E3 /* CardsHomeViewController.xib */ = {isa = PBXFileReference; lastKnownFileType = file.xib; path = CardsHomeViewController.xib; sourceTree = "<group>"; };
		D590C2BB25963DA500B833E3 /* InvestHomeViewController.swift */ = {isa = PBXFileReference; lastKnownFileType = sourcecode.swift; path = InvestHomeViewController.swift; sourceTree = "<group>"; };
		D590C2BC25963DA500B833E3 /* InvestHomeViewModel.swift */ = {isa = PBXFileReference; lastKnownFileType = sourcecode.swift; path = InvestHomeViewModel.swift; sourceTree = "<group>"; };
		D590C2BD25963DA500B833E3 /* InvestHomeViewController.xib */ = {isa = PBXFileReference; lastKnownFileType = file.xib; path = InvestHomeViewController.xib; sourceTree = "<group>"; };
		D590C2C525963DFA00B833E3 /* ProfileHomeViewController.swift */ = {isa = PBXFileReference; lastKnownFileType = sourcecode.swift; path = ProfileHomeViewController.swift; sourceTree = "<group>"; };
		D590C2C625963DFA00B833E3 /* ProfileHomeViewModel.swift */ = {isa = PBXFileReference; lastKnownFileType = sourcecode.swift; path = ProfileHomeViewModel.swift; sourceTree = "<group>"; };
		D590C2C725963DFA00B833E3 /* ProfileHomeViewController.xib */ = {isa = PBXFileReference; lastKnownFileType = file.xib; path = ProfileHomeViewController.xib; sourceTree = "<group>"; };
		D590C2D825969F8700B833E3 /* BalanceTableViewCell.swift */ = {isa = PBXFileReference; lastKnownFileType = sourcecode.swift; path = BalanceTableViewCell.swift; sourceTree = "<group>"; };
		D590C2D925969F8700B833E3 /* BalanceTableViewCell.xib */ = {isa = PBXFileReference; lastKnownFileType = file.xib; path = BalanceTableViewCell.xib; sourceTree = "<group>"; };
		D590C3122596B35200B833E3 /* SearchController.swift */ = {isa = PBXFileReference; lastKnownFileType = sourcecode.swift; path = SearchController.swift; sourceTree = "<group>"; };
		D590C34625977EAD00B833E3 /* Menu.swift */ = {isa = PBXFileReference; lastKnownFileType = sourcecode.swift; path = Menu.swift; sourceTree = "<group>"; };
		D590C34F2597816600B833E3 /* ItemTableViewCell.swift */ = {isa = PBXFileReference; lastKnownFileType = sourcecode.swift; path = ItemTableViewCell.swift; sourceTree = "<group>"; };
		D590C3502597816600B833E3 /* ItemTableViewCell.xib */ = {isa = PBXFileReference; lastKnownFileType = file.xib; path = ItemTableViewCell.xib; sourceTree = "<group>"; };
		D590C3642597C85700B833E3 /* ComingSoonViewController.swift */ = {isa = PBXFileReference; lastKnownFileType = sourcecode.swift; path = ComingSoonViewController.swift; sourceTree = "<group>"; };
		D590C3652597C85700B833E3 /* ComingSoonViewModel.swift */ = {isa = PBXFileReference; lastKnownFileType = sourcecode.swift; path = ComingSoonViewModel.swift; sourceTree = "<group>"; };
		D590C3662597C85700B833E3 /* ComingSoonViewController.xib */ = {isa = PBXFileReference; lastKnownFileType = file.xib; path = ComingSoonViewController.xib; sourceTree = "<group>"; };
		D590C3802598D06200B833E3 /* CardCollectionViewCell.swift */ = {isa = PBXFileReference; lastKnownFileType = sourcecode.swift; path = CardCollectionViewCell.swift; sourceTree = "<group>"; };
		D590C3812598D06200B833E3 /* CardCollectionViewCell.xib */ = {isa = PBXFileReference; lastKnownFileType = file.xib; path = CardCollectionViewCell.xib; sourceTree = "<group>"; };
		D590C38B2599501400B833E3 /* MenuButton.swift */ = {isa = PBXFileReference; lastKnownFileType = sourcecode.swift; path = MenuButton.swift; sourceTree = "<group>"; };
		D590C394259957CD00B833E3 /* CardInfoTableViewCell.swift */ = {isa = PBXFileReference; lastKnownFileType = sourcecode.swift; path = CardInfoTableViewCell.swift; sourceTree = "<group>"; };
		D590C395259957CD00B833E3 /* CardInfoTableViewCell.xib */ = {isa = PBXFileReference; lastKnownFileType = file.xib; path = CardInfoTableViewCell.xib; sourceTree = "<group>"; };
		D590C3A8259CB22000B833E3 /* MenuTableView.swift */ = {isa = PBXFileReference; lastKnownFileType = sourcecode.swift; path = MenuTableView.swift; sourceTree = "<group>"; };
		D590C3AD259CB4B700B833E3 /* MenuSection.swift */ = {isa = PBXFileReference; lastKnownFileType = sourcecode.swift; path = MenuSection.swift; sourceTree = "<group>"; };
		D96BF08EB01579AD15D20E82 /* Pods-Bank-BankUITests.release.xcconfig */ = {isa = PBXFileReference; includeInIndex = 1; lastKnownFileType = text.xcconfig; name = "Pods-Bank-BankUITests.release.xcconfig"; path = "Target Support Files/Pods-Bank-BankUITests/Pods-Bank-BankUITests.release.xcconfig"; sourceTree = "<group>"; };
		F30F17C32ECB84AF217F22DE /* Pods-Bank.debug.xcconfig */ = {isa = PBXFileReference; includeInIndex = 1; lastKnownFileType = text.xcconfig; name = "Pods-Bank.debug.xcconfig"; path = "Target Support Files/Pods-Bank/Pods-Bank.debug.xcconfig"; sourceTree = "<group>"; };
		F612AC1A1D9537D41D8C8EE5 /* Pods_Bank_BankUITests.framework */ = {isa = PBXFileReference; explicitFileType = wrapper.framework; includeInIndex = 0; path = Pods_Bank_BankUITests.framework; sourceTree = BUILT_PRODUCTS_DIR; };
/* End PBXFileReference section */

/* Begin PBXFrameworksBuildPhase section */
		D590C212259623C800B833E3 /* Frameworks */ = {
			isa = PBXFrameworksBuildPhase;
			buildActionMask = 2147483647;
			files = (
				63E155DE6D34319B3273E0D5 /* Pods_Bank.framework in Frameworks */,
			);
			runOnlyForDeploymentPostprocessing = 0;
		};
		D590C228259623CA00B833E3 /* Frameworks */ = {
			isa = PBXFrameworksBuildPhase;
			buildActionMask = 2147483647;
			files = (
				39F9977E610901DF6F92D44D /* Pods_BankTests.framework in Frameworks */,
			);
			runOnlyForDeploymentPostprocessing = 0;
		};
		D590C233259623CA00B833E3 /* Frameworks */ = {
			isa = PBXFrameworksBuildPhase;
			buildActionMask = 2147483647;
			files = (
				D0A8CB9B20834B77740D0FBB /* Pods_Bank_BankUITests.framework in Frameworks */,
			);
			runOnlyForDeploymentPostprocessing = 0;
		};
/* End PBXFrameworksBuildPhase section */

/* Begin PBXGroup section */
		42A48F4CDB76B2291B310919 /* Frameworks */ = {
			isa = PBXGroup;
			children = (
				2A7D54DED4D55E5621D5D5AA /* Pods_Bank.framework */,
				F612AC1A1D9537D41D8C8EE5 /* Pods_Bank_BankUITests.framework */,
				8D5E01D745D627406D7165F8 /* Pods_BankTests.framework */,
			);
			name = Frameworks;
			sourceTree = "<group>";
		};
		D543C84025AB95C300B93C54 /* api */ = {
			isa = PBXGroup;
			children = (
				D543C84925AB961900B93C54 /* API.swift */,
				D543C85125AB965600B93C54 /* APIError.swift */,
				D543C87225AB9BA500B93C54 /* APIAccount.swift */,
				D543C88C25ABA91B00B93C54 /* APICards.swift */,
				D543C89F25ABAAFE00B93C54 /* APIInvest.swift */,
			);
			path = api;
			sourceTree = "<group>";
		};
		D590C20C259623C800B833E3 = {
			isa = PBXGroup;
			children = (
				D590C217259623C900B833E3 /* Bank */,
				D590C22E259623CA00B833E3 /* BankTests */,
				D590C239259623CA00B833E3 /* BankUITests */,
				D590C216259623C900B833E3 /* Products */,
				F61ADEDCA597747059B6BDA2 /* Pods */,
				42A48F4CDB76B2291B310919 /* Frameworks */,
			);
			sourceTree = "<group>";
		};
		D590C216259623C900B833E3 /* Products */ = {
			isa = PBXGroup;
			children = (
				D590C215259623C900B833E3 /* Bank.app */,
				D590C22B259623CA00B833E3 /* BankTests.xctest */,
				D590C236259623CA00B833E3 /* BankUITests.xctest */,
			);
			name = Products;
			sourceTree = "<group>";
		};
		D590C217259623C900B833E3 /* Bank */ = {
			isa = PBXGroup;
			children = (
				D590C261259626B800B833E3 /* base */,
				D590C2D625969E1900B833E3 /* components */,
				D543C84025AB95C300B93C54 /* api */,
				D590C262259626BE00B833E3 /* modules */,
				D590C34525977E8600B833E3 /* models */,
				D590C30C2596A41C00B833E3 /* extensions */,
			);
			path = Bank;
			sourceTree = "<group>";
		};
		D590C22E259623CA00B833E3 /* BankTests */ = {
			isa = PBXGroup;
			children = (
				D590C26D2596276100B833E3 /* base */,
				D590C22F259623CA00B833E3 /* BankTests.swift */,
			);
			path = BankTests;
			sourceTree = "<group>";
		};
		D590C239259623CA00B833E3 /* BankUITests */ = {
			isa = PBXGroup;
			children = (
				D590C26E2596276D00B833E3 /* base */,
				D590C23A259623CA00B833E3 /* BankUITests.swift */,
			);
			path = BankUITests;
			sourceTree = "<group>";
		};
		D590C261259626B800B833E3 /* base */ = {
			isa = PBXGroup;
			children = (
				D590C218259623C900B833E3 /* AppDelegate.swift */,
				D590C21A259623C900B833E3 /* SceneDelegate.swift */,
				D590C257259625DC00B833E3 /* TabBarController.swift */,
				D590C25C2596266200B833E3 /* NavigationController.swift */,
				D590C21C259623C900B833E3 /* ViewController.swift */,
				D590C2772596282600B833E3 /* Coordinator.swift */,
				D590C28C2596298500B833E3 /* ViewModel.swift */,
				D590C3122596B35200B833E3 /* SearchController.swift */,
				D590C221259623CA00B833E3 /* Assets.xcassets */,
				D590C223259623CA00B833E3 /* LaunchScreen.storyboard */,
				D590C226259623CA00B833E3 /* Info.plist */,
			);
			path = base;
			sourceTree = "<group>";
		};
		D590C262259626BE00B833E3 /* modules */ = {
			isa = PBXGroup;
			children = (
				D590C263259626CD00B833E3 /* Account */,
				D590C264259626D900B833E3 /* Cards */,
				D590C265259626E000B833E3 /* Invest */,
				D590C266259626F300B833E3 /* Profile */,
			);
			path = modules;
			sourceTree = "<group>";
		};
		D590C263259626CD00B833E3 /* Account */ = {
			isa = PBXGroup;
			children = (
				D590C26F259627B500B833E3 /* AccountCoordinator.swift */,
				D590C27C2596290700B833E3 /* Home */,
			);
			path = Account;
			sourceTree = "<group>";
		};
		D590C264259626D900B833E3 /* Cards */ = {
			isa = PBXGroup;
			children = (
				D590C2962596306B00B833E3 /* CardsCoordinator.swift */,
				D590C2AB2596326800B833E3 /* Home */,
			);
			path = Cards;
			sourceTree = "<group>";
		};
		D590C265259626E000B833E3 /* Invest */ = {
			isa = PBXGroup;
			children = (
				D590C29E2596311600B833E3 /* InvestCoordinator.swift */,
				D590C2BA25963D8800B833E3 /* Home */,
			);
			path = Invest;
			sourceTree = "<group>";
		};
		D590C266259626F300B833E3 /* Profile */ = {
			isa = PBXGroup;
			children = (
				D590C2A32596312100B833E3 /* ProfileCoordinator.swift */,
				D590C2C425963DE600B833E3 /* Home */,
			);
			path = Profile;
			sourceTree = "<group>";
		};
		D590C26D2596276100B833E3 /* base */ = {
			isa = PBXGroup;
			children = (
				D590C231259623CA00B833E3 /* Info.plist */,
			);
			path = base;
			sourceTree = "<group>";
		};
		D590C26E2596276D00B833E3 /* base */ = {
			isa = PBXGroup;
			children = (
				D590C23C259623CA00B833E3 /* Info.plist */,
			);
			path = base;
			sourceTree = "<group>";
		};
		D590C27C2596290700B833E3 /* Home */ = {
			isa = PBXGroup;
			children = (
				D590C2912596299900B833E3 /* AccountHomeViewModel.swift */,
				D590C2852596294000B833E3 /* AccountHomeViewController.swift */,
				D590C2862596294000B833E3 /* AccountHomeViewController.xib */,
			);
			path = Home;
			sourceTree = "<group>";
		};
		D590C2AB2596326800B833E3 /* Home */ = {
			isa = PBXGroup;
			children = (
				D590C2AD25963C9F00B833E3 /* CardsHomeViewModel.swift */,
				D590C2AC25963C9F00B833E3 /* CardsHomeViewController.swift */,
				D590C2AE25963C9F00B833E3 /* CardsHomeViewController.xib */,
			);
			path = Home;
			sourceTree = "<group>";
		};
		D590C2BA25963D8800B833E3 /* Home */ = {
			isa = PBXGroup;
			children = (
				D590C2BC25963DA500B833E3 /* InvestHomeViewModel.swift */,
				D590C2BB25963DA500B833E3 /* InvestHomeViewController.swift */,
				D590C2BD25963DA500B833E3 /* InvestHomeViewController.xib */,
			);
			path = Home;
			sourceTree = "<group>";
		};
		D590C2C425963DE600B833E3 /* Home */ = {
			isa = PBXGroup;
			children = (
				D590C2C625963DFA00B833E3 /* ProfileHomeViewModel.swift */,
				D590C2C525963DFA00B833E3 /* ProfileHomeViewController.swift */,
				D590C2C725963DFA00B833E3 /* ProfileHomeViewController.xib */,
			);
			path = Home;
			sourceTree = "<group>";
		};
		D590C2D625969E1900B833E3 /* components */ = {
			isa = PBXGroup;
			children = (
				D590C38A25994FF900B833E3 /* buttons */,
				D590C3572597C7C500B833E3 /* viewControllers */,
				D590C2D725969E2800B833E3 /* cells */,
				D590C31E2597764000B833E3 /* views */,
				D590C3A7259CB1F200B833E3 /* tableViews */,
			);
			path = components;
			sourceTree = "<group>";
		};
		D590C2D725969E2800B833E3 /* cells */ = {
			isa = PBXGroup;
			children = (
				D590C34E2597815200B833E3 /* Item */,
				D590C2E22596A21900B833E3 /* Balance */,
				D590C37F2598D04500B833E3 /* Card */,
				D590C393259957A300B833E3 /* CardInfo */,
			);
			path = cells;
			sourceTree = "<group>";
		};
		D590C2E22596A21900B833E3 /* Balance */ = {
			isa = PBXGroup;
			children = (
				D590C2D825969F8700B833E3 /* BalanceTableViewCell.swift */,
				D590C2D925969F8700B833E3 /* BalanceTableViewCell.xib */,
			);
			path = Balance;
			sourceTree = "<group>";
		};
		D590C30C2596A41C00B833E3 /* extensions */ = {
			isa = PBXGroup;
			children = (
			);
			path = extensions;
			sourceTree = "<group>";
		};
		D590C31E2597764000B833E3 /* views */ = {
			isa = PBXGroup;
			children = (
			);
			path = views;
			sourceTree = "<group>";
		};
		D590C34525977E8600B833E3 /* models */ = {
			isa = PBXGroup;
			children = (
				D590C34625977EAD00B833E3 /* Menu.swift */,
				D590C3AD259CB4B700B833E3 /* MenuSection.swift */,
			);
			path = models;
			sourceTree = "<group>";
		};
		D590C34E2597815200B833E3 /* Item */ = {
			isa = PBXGroup;
			children = (
				D590C34F2597816600B833E3 /* ItemTableViewCell.swift */,
				D590C3502597816600B833E3 /* ItemTableViewCell.xib */,
			);
			path = Item;
			sourceTree = "<group>";
		};
		D590C3562597C7A600B833E3 /* ComingSoon */ = {
			isa = PBXGroup;
			children = (
				D590C3642597C85700B833E3 /* ComingSoonViewController.swift */,
				D590C3652597C85700B833E3 /* ComingSoonViewModel.swift */,
				D590C3662597C85700B833E3 /* ComingSoonViewController.xib */,
			);
			path = ComingSoon;
			sourceTree = "<group>";
		};
		D590C3572597C7C500B833E3 /* viewControllers */ = {
			isa = PBXGroup;
			children = (
				D590C3562597C7A600B833E3 /* ComingSoon */,
			);
			path = viewControllers;
			sourceTree = "<group>";
		};
		D590C37F2598D04500B833E3 /* Card */ = {
			isa = PBXGroup;
			children = (
				D590C3802598D06200B833E3 /* CardCollectionViewCell.swift */,
				D590C3812598D06200B833E3 /* CardCollectionViewCell.xib */,
			);
			path = Card;
			sourceTree = "<group>";
		};
		D590C38A25994FF900B833E3 /* buttons */ = {
			isa = PBXGroup;
			children = (
				D590C38B2599501400B833E3 /* MenuButton.swift */,
			);
			path = buttons;
			sourceTree = "<group>";
		};
		D590C393259957A300B833E3 /* CardInfo */ = {
			isa = PBXGroup;
			children = (
				D590C394259957CD00B833E3 /* CardInfoTableViewCell.swift */,
				D590C395259957CD00B833E3 /* CardInfoTableViewCell.xib */,
			);
			path = CardInfo;
			sourceTree = "<group>";
		};
		D590C3A7259CB1F200B833E3 /* tableViews */ = {
			isa = PBXGroup;
			children = (
				D590C3A8259CB22000B833E3 /* MenuTableView.swift */,
			);
			path = tableViews;
			sourceTree = "<group>";
		};
		F61ADEDCA597747059B6BDA2 /* Pods */ = {
			isa = PBXGroup;
			children = (
				F30F17C32ECB84AF217F22DE /* Pods-Bank.debug.xcconfig */,
				3181B3728BD49D2CC5B3D1A5 /* Pods-Bank.release.xcconfig */,
				D14F8A21603C4F3117110156 /* Pods-Bank-BankUITests.debug.xcconfig */,
				D96BF08EB01579AD15D20E82 /* Pods-Bank-BankUITests.release.xcconfig */,
				951D8A1A4EC226F6358D1024 /* Pods-BankTests.debug.xcconfig */,
				7AFC1473C5AB2D34D7077D2C /* Pods-BankTests.release.xcconfig */,
			);
			path = Pods;
			sourceTree = "<group>";
		};
/* End PBXGroup section */

/* Begin PBXNativeTarget section */
		D590C214259623C800B833E3 /* Bank */ = {
			isa = PBXNativeTarget;
			buildConfigurationList = D590C23F259623CA00B833E3 /* Build configuration list for PBXNativeTarget "Bank" */;
			buildPhases = (
				FE2098DEB7A94920441FF62A /* [CP] Check Pods Manifest.lock */,
				D590C211259623C800B833E3 /* Sources */,
				D590C212259623C800B833E3 /* Frameworks */,
				D590C213259623C800B833E3 /* Resources */,
				4CDF23145BC3E275A3CC5B3A /* [CP] Embed Pods Frameworks */,
			);
			buildRules = (
			);
			dependencies = (
			);
			name = Bank;
			productName = Bank;
			productReference = D590C215259623C900B833E3 /* Bank.app */;
			productType = "com.apple.product-type.application";
		};
		D590C22A259623CA00B833E3 /* BankTests */ = {
			isa = PBXNativeTarget;
			buildConfigurationList = D590C242259623CA00B833E3 /* Build configuration list for PBXNativeTarget "BankTests" */;
			buildPhases = (
				2D3C84DD2505FC99CD5ED0DC /* [CP] Check Pods Manifest.lock */,
				D590C227259623CA00B833E3 /* Sources */,
				D590C228259623CA00B833E3 /* Frameworks */,
				D590C229259623CA00B833E3 /* Resources */,
			);
			buildRules = (
			);
			dependencies = (
				D590C22D259623CA00B833E3 /* PBXTargetDependency */,
			);
			name = BankTests;
			productName = BankTests;
			productReference = D590C22B259623CA00B833E3 /* BankTests.xctest */;
			productType = "com.apple.product-type.bundle.unit-test";
		};
		D590C235259623CA00B833E3 /* BankUITests */ = {
			isa = PBXNativeTarget;
			buildConfigurationList = D590C245259623CA00B833E3 /* Build configuration list for PBXNativeTarget "BankUITests" */;
			buildPhases = (
				D0D58EC402B5A86A4C243B2A /* [CP] Check Pods Manifest.lock */,
				D590C232259623CA00B833E3 /* Sources */,
				D590C233259623CA00B833E3 /* Frameworks */,
				D590C234259623CA00B833E3 /* Resources */,
				72D63ACE7351975BCDE0BD51 /* [CP] Embed Pods Frameworks */,
			);
			buildRules = (
			);
			dependencies = (
				D590C238259623CA00B833E3 /* PBXTargetDependency */,
			);
			name = BankUITests;
			productName = BankUITests;
			productReference = D590C236259623CA00B833E3 /* BankUITests.xctest */;
			productType = "com.apple.product-type.bundle.ui-testing";
		};
/* End PBXNativeTarget section */

/* Begin PBXProject section */
		D590C20D259623C800B833E3 /* Project object */ = {
			isa = PBXProject;
			attributes = {
				LastSwiftUpdateCheck = 1230;
				LastUpgradeCheck = 1230;
				TargetAttributes = {
					D590C214259623C800B833E3 = {
						CreatedOnToolsVersion = 12.3;
					};
					D590C22A259623CA00B833E3 = {
						CreatedOnToolsVersion = 12.3;
						TestTargetID = D590C214259623C800B833E3;
					};
					D590C235259623CA00B833E3 = {
						CreatedOnToolsVersion = 12.3;
						TestTargetID = D590C214259623C800B833E3;
					};
				};
			};
			buildConfigurationList = D590C210259623C800B833E3 /* Build configuration list for PBXProject "Bank" */;
			compatibilityVersion = "Xcode 9.3";
			developmentRegion = en;
			hasScannedForEncodings = 0;
			knownRegions = (
				en,
				Base,
			);
			mainGroup = D590C20C259623C800B833E3;
			productRefGroup = D590C216259623C900B833E3 /* Products */;
			projectDirPath = "";
			projectRoot = "";
			targets = (
				D590C214259623C800B833E3 /* Bank */,
				D590C22A259623CA00B833E3 /* BankTests */,
				D590C235259623CA00B833E3 /* BankUITests */,
			);
		};
/* End PBXProject section */

/* Begin PBXResourcesBuildPhase section */
		D590C213259623C800B833E3 /* Resources */ = {
			isa = PBXResourcesBuildPhase;
			buildActionMask = 2147483647;
			files = (
				D590C225259623CA00B833E3 /* LaunchScreen.storyboard in Resources */,
				D590C2CA25963DFA00B833E3 /* ProfileHomeViewController.xib in Resources */,
				D590C3692597C85700B833E3 /* ComingSoonViewController.xib in Resources */,
				D590C2B225963C9F00B833E3 /* CardsHomeViewController.xib in Resources */,
				D590C2C025963DA500B833E3 /* InvestHomeViewController.xib in Resources */,
				D590C3832598D06200B833E3 /* CardCollectionViewCell.xib in Resources */,
				D590C3522597816600B833E3 /* ItemTableViewCell.xib in Resources */,
				D590C2DB25969F8700B833E3 /* BalanceTableViewCell.xib in Resources */,
				D590C222259623CA00B833E3 /* Assets.xcassets in Resources */,
				D590C2882596294000B833E3 /* AccountHomeViewController.xib in Resources */,
				D590C397259957CD00B833E3 /* CardInfoTableViewCell.xib in Resources */,
			);
			runOnlyForDeploymentPostprocessing = 0;
		};
		D590C229259623CA00B833E3 /* Resources */ = {
			isa = PBXResourcesBuildPhase;
			buildActionMask = 2147483647;
			files = (
			);
			runOnlyForDeploymentPostprocessing = 0;
		};
		D590C234259623CA00B833E3 /* Resources */ = {
			isa = PBXResourcesBuildPhase;
			buildActionMask = 2147483647;
			files = (
			);
			runOnlyForDeploymentPostprocessing = 0;
		};
/* End PBXResourcesBuildPhase section */

/* Begin PBXShellScriptBuildPhase section */
		2D3C84DD2505FC99CD5ED0DC /* [CP] Check Pods Manifest.lock */ = {
			isa = PBXShellScriptBuildPhase;
			buildActionMask = 2147483647;
			files = (
			);
			inputFileListPaths = (
			);
			inputPaths = (
				"${PODS_PODFILE_DIR_PATH}/Podfile.lock",
				"${PODS_ROOT}/Manifest.lock",
			);
			name = "[CP] Check Pods Manifest.lock";
			outputFileListPaths = (
			);
			outputPaths = (
				"$(DERIVED_FILE_DIR)/Pods-BankTests-checkManifestLockResult.txt",
			);
			runOnlyForDeploymentPostprocessing = 0;
			shellPath = /bin/sh;
			shellScript = "diff \"${PODS_PODFILE_DIR_PATH}/Podfile.lock\" \"${PODS_ROOT}/Manifest.lock\" > /dev/null\nif [ $? != 0 ] ; then\n    # print error to STDERR\n    echo \"error: The sandbox is not in sync with the Podfile.lock. Run 'pod install' or update your CocoaPods installation.\" >&2\n    exit 1\nfi\n# This output is used by Xcode 'outputs' to avoid re-running this script phase.\necho \"SUCCESS\" > \"${SCRIPT_OUTPUT_FILE_0}\"\n";
			showEnvVarsInLog = 0;
		};
		4CDF23145BC3E275A3CC5B3A /* [CP] Embed Pods Frameworks */ = {
			isa = PBXShellScriptBuildPhase;
			buildActionMask = 2147483647;
			files = (
			);
			inputFileListPaths = (
				"${PODS_ROOT}/Target Support Files/Pods-Bank/Pods-Bank-frameworks-${CONFIGURATION}-input-files.xcfilelist",
			);
			name = "[CP] Embed Pods Frameworks";
			outputFileListPaths = (
				"${PODS_ROOT}/Target Support Files/Pods-Bank/Pods-Bank-frameworks-${CONFIGURATION}-output-files.xcfilelist",
			);
			runOnlyForDeploymentPostprocessing = 0;
			shellPath = /bin/sh;
			shellScript = "\"${PODS_ROOT}/Target Support Files/Pods-Bank/Pods-Bank-frameworks.sh\"\n";
			showEnvVarsInLog = 0;
		};
		72D63ACE7351975BCDE0BD51 /* [CP] Embed Pods Frameworks */ = {
			isa = PBXShellScriptBuildPhase;
			buildActionMask = 2147483647;
			files = (
			);
			inputFileListPaths = (
				"${PODS_ROOT}/Target Support Files/Pods-Bank-BankUITests/Pods-Bank-BankUITests-frameworks-${CONFIGURATION}-input-files.xcfilelist",
			);
			name = "[CP] Embed Pods Frameworks";
			outputFileListPaths = (
				"${PODS_ROOT}/Target Support Files/Pods-Bank-BankUITests/Pods-Bank-BankUITests-frameworks-${CONFIGURATION}-output-files.xcfilelist",
			);
			runOnlyForDeploymentPostprocessing = 0;
			shellPath = /bin/sh;
			shellScript = "\"${PODS_ROOT}/Target Support Files/Pods-Bank-BankUITests/Pods-Bank-BankUITests-frameworks.sh\"\n";
			showEnvVarsInLog = 0;
		};
		D0D58EC402B5A86A4C243B2A /* [CP] Check Pods Manifest.lock */ = {
			isa = PBXShellScriptBuildPhase;
			buildActionMask = 2147483647;
			files = (
			);
			inputFileListPaths = (
			);
			inputPaths = (
				"${PODS_PODFILE_DIR_PATH}/Podfile.lock",
				"${PODS_ROOT}/Manifest.lock",
			);
			name = "[CP] Check Pods Manifest.lock";
			outputFileListPaths = (
			);
			outputPaths = (
				"$(DERIVED_FILE_DIR)/Pods-Bank-BankUITests-checkManifestLockResult.txt",
			);
			runOnlyForDeploymentPostprocessing = 0;
			shellPath = /bin/sh;
			shellScript = "diff \"${PODS_PODFILE_DIR_PATH}/Podfile.lock\" \"${PODS_ROOT}/Manifest.lock\" > /dev/null\nif [ $? != 0 ] ; then\n    # print error to STDERR\n    echo \"error: The sandbox is not in sync with the Podfile.lock. Run 'pod install' or update your CocoaPods installation.\" >&2\n    exit 1\nfi\n# This output is used by Xcode 'outputs' to avoid re-running this script phase.\necho \"SUCCESS\" > \"${SCRIPT_OUTPUT_FILE_0}\"\n";
			showEnvVarsInLog = 0;
		};
		FE2098DEB7A94920441FF62A /* [CP] Check Pods Manifest.lock */ = {
			isa = PBXShellScriptBuildPhase;
			buildActionMask = 2147483647;
			files = (
			);
			inputFileListPaths = (
			);
			inputPaths = (
				"${PODS_PODFILE_DIR_PATH}/Podfile.lock",
				"${PODS_ROOT}/Manifest.lock",
			);
			name = "[CP] Check Pods Manifest.lock";
			outputFileListPaths = (
			);
			outputPaths = (
				"$(DERIVED_FILE_DIR)/Pods-Bank-checkManifestLockResult.txt",
			);
			runOnlyForDeploymentPostprocessing = 0;
			shellPath = /bin/sh;
			shellScript = "diff \"${PODS_PODFILE_DIR_PATH}/Podfile.lock\" \"${PODS_ROOT}/Manifest.lock\" > /dev/null\nif [ $? != 0 ] ; then\n    # print error to STDERR\n    echo \"error: The sandbox is not in sync with the Podfile.lock. Run 'pod install' or update your CocoaPods installation.\" >&2\n    exit 1\nfi\n# This output is used by Xcode 'outputs' to avoid re-running this script phase.\necho \"SUCCESS\" > \"${SCRIPT_OUTPUT_FILE_0}\"\n";
			showEnvVarsInLog = 0;
		};
/* End PBXShellScriptBuildPhase section */

/* Begin PBXSourcesBuildPhase section */
		D590C211259623C800B833E3 /* Sources */ = {
			isa = PBXSourcesBuildPhase;
			buildActionMask = 2147483647;
			files = (
				D590C21D259623C900B833E3 /* ViewController.swift in Sources */,
				D590C2922596299900B833E3 /* AccountHomeViewModel.swift in Sources */,
				D590C2DA25969F8700B833E3 /* BalanceTableViewCell.swift in Sources */,
				D590C28D2596298500B833E3 /* ViewModel.swift in Sources */,
				D590C396259957CD00B833E3 /* CardInfoTableViewCell.swift in Sources */,
				D590C3512597816600B833E3 /* ItemTableViewCell.swift in Sources */,
				D590C3A9259CB22000B833E3 /* MenuTableView.swift in Sources */,
				D590C29F2596311600B833E3 /* InvestCoordinator.swift in Sources */,
				D590C2B125963C9F00B833E3 /* CardsHomeViewModel.swift in Sources */,
				D543C87325AB9BA500B93C54 /* APIAccount.swift in Sources */,
				D590C2C825963DFA00B833E3 /* ProfileHomeViewController.swift in Sources */,
				D590C3AE259CB4B700B833E3 /* MenuSection.swift in Sources */,
				D590C258259625DC00B833E3 /* TabBarController.swift in Sources */,
				D590C34725977EAD00B833E3 /* Menu.swift in Sources */,
				D543C85225AB965600B93C54 /* APIError.swift in Sources */,
				D590C270259627B500B833E3 /* AccountCoordinator.swift in Sources */,
				D590C25D2596266200B833E3 /* NavigationController.swift in Sources */,
				D590C219259623C900B833E3 /* AppDelegate.swift in Sources */,
				D590C3672597C85700B833E3 /* ComingSoonViewController.swift in Sources */,
				D590C2A42596312200B833E3 /* ProfileCoordinator.swift in Sources */,
				D590C2BF25963DA500B833E3 /* InvestHomeViewModel.swift in Sources */,
				D590C38C2599501400B833E3 /* MenuButton.swift in Sources */,
				D590C2BE25963DA500B833E3 /* InvestHomeViewController.swift in Sources */,
				D590C21B259623C900B833E3 /* SceneDelegate.swift in Sources */,
				D590C3132596B35200B833E3 /* SearchController.swift in Sources */,
				D543C84A25AB961900B93C54 /* API.swift in Sources */,
				D590C2C925963DFA00B833E3 /* ProfileHomeViewModel.swift in Sources */,
				D543C8A025ABAAFE00B93C54 /* APIInvest.swift in Sources */,
				D590C2782596282600B833E3 /* Coordinator.swift in Sources */,
				D543C88D25ABA91B00B93C54 /* APICards.swift in Sources */,
				D590C2B025963C9F00B833E3 /* CardsHomeViewController.swift in Sources */,
				D590C3682597C85700B833E3 /* ComingSoonViewModel.swift in Sources */,
				D590C2872596294000B833E3 /* AccountHomeViewController.swift in Sources */,
				D590C3822598D06200B833E3 /* CardCollectionViewCell.swift in Sources */,
				D590C2972596306B00B833E3 /* CardsCoordinator.swift in Sources */,
			);
			runOnlyForDeploymentPostprocessing = 0;
		};
		D590C227259623CA00B833E3 /* Sources */ = {
			isa = PBXSourcesBuildPhase;
			buildActionMask = 2147483647;
			files = (
				D590C230259623CA00B833E3 /* BankTests.swift in Sources */,
			);
			runOnlyForDeploymentPostprocessing = 0;
		};
		D590C232259623CA00B833E3 /* Sources */ = {
			isa = PBXSourcesBuildPhase;
			buildActionMask = 2147483647;
			files = (
				D590C23B259623CA00B833E3 /* BankUITests.swift in Sources */,
			);
			runOnlyForDeploymentPostprocessing = 0;
		};
/* End PBXSourcesBuildPhase section */

/* Begin PBXTargetDependency section */
		D590C22D259623CA00B833E3 /* PBXTargetDependency */ = {
			isa = PBXTargetDependency;
			target = D590C214259623C800B833E3 /* Bank */;
			targetProxy = D590C22C259623CA00B833E3 /* PBXContainerItemProxy */;
		};
		D590C238259623CA00B833E3 /* PBXTargetDependency */ = {
			isa = PBXTargetDependency;
			target = D590C214259623C800B833E3 /* Bank */;
			targetProxy = D590C237259623CA00B833E3 /* PBXContainerItemProxy */;
		};
/* End PBXTargetDependency section */

/* Begin PBXVariantGroup section */
		D590C223259623CA00B833E3 /* LaunchScreen.storyboard */ = {
			isa = PBXVariantGroup;
			children = (
				D590C224259623CA00B833E3 /* Base */,
			);
			name = LaunchScreen.storyboard;
			sourceTree = "<group>";
		};
/* End PBXVariantGroup section */

/* Begin XCBuildConfiguration section */
		D590C23D259623CA00B833E3 /* Debug */ = {
			isa = XCBuildConfiguration;
			buildSettings = {
				ALWAYS_SEARCH_USER_PATHS = NO;
				CLANG_ANALYZER_NONNULL = YES;
				CLANG_ANALYZER_NUMBER_OBJECT_CONVERSION = YES_AGGRESSIVE;
				CLANG_CXX_LANGUAGE_STANDARD = "gnu++14";
				CLANG_CXX_LIBRARY = "libc++";
				CLANG_ENABLE_MODULES = YES;
				CLANG_ENABLE_OBJC_ARC = YES;
				CLANG_ENABLE_OBJC_WEAK = YES;
				CLANG_WARN_BLOCK_CAPTURE_AUTORELEASING = YES;
				CLANG_WARN_BOOL_CONVERSION = YES;
				CLANG_WARN_COMMA = YES;
				CLANG_WARN_CONSTANT_CONVERSION = YES;
				CLANG_WARN_DEPRECATED_OBJC_IMPLEMENTATIONS = YES;
				CLANG_WARN_DIRECT_OBJC_ISA_USAGE = YES_ERROR;
				CLANG_WARN_DOCUMENTATION_COMMENTS = YES;
				CLANG_WARN_EMPTY_BODY = YES;
				CLANG_WARN_ENUM_CONVERSION = YES;
				CLANG_WARN_INFINITE_RECURSION = YES;
				CLANG_WARN_INT_CONVERSION = YES;
				CLANG_WARN_NON_LITERAL_NULL_CONVERSION = YES;
				CLANG_WARN_OBJC_IMPLICIT_RETAIN_SELF = YES;
				CLANG_WARN_OBJC_LITERAL_CONVERSION = YES;
				CLANG_WARN_OBJC_ROOT_CLASS = YES_ERROR;
				CLANG_WARN_QUOTED_INCLUDE_IN_FRAMEWORK_HEADER = YES;
				CLANG_WARN_RANGE_LOOP_ANALYSIS = YES;
				CLANG_WARN_STRICT_PROTOTYPES = YES;
				CLANG_WARN_SUSPICIOUS_MOVE = YES;
				CLANG_WARN_UNGUARDED_AVAILABILITY = YES_AGGRESSIVE;
				CLANG_WARN_UNREACHABLE_CODE = YES;
				CLANG_WARN__DUPLICATE_METHOD_MATCH = YES;
				COPY_PHASE_STRIP = NO;
				DEBUG_INFORMATION_FORMAT = dwarf;
				ENABLE_STRICT_OBJC_MSGSEND = YES;
				ENABLE_TESTABILITY = YES;
				GCC_C_LANGUAGE_STANDARD = gnu11;
				GCC_DYNAMIC_NO_PIC = NO;
				GCC_NO_COMMON_BLOCKS = YES;
				GCC_OPTIMIZATION_LEVEL = 0;
				GCC_PREPROCESSOR_DEFINITIONS = (
					"DEBUG=1",
					"$(inherited)",
				);
				GCC_WARN_64_TO_32_BIT_CONVERSION = YES;
				GCC_WARN_ABOUT_RETURN_TYPE = YES_ERROR;
				GCC_WARN_UNDECLARED_SELECTOR = YES;
				GCC_WARN_UNINITIALIZED_AUTOS = YES_AGGRESSIVE;
				GCC_WARN_UNUSED_FUNCTION = YES;
				GCC_WARN_UNUSED_VARIABLE = YES;
				IPHONEOS_DEPLOYMENT_TARGET = 14.3;
				MTL_ENABLE_DEBUG_INFO = INCLUDE_SOURCE;
				MTL_FAST_MATH = YES;
				ONLY_ACTIVE_ARCH = YES;
				SDKROOT = iphoneos;
				SWIFT_ACTIVE_COMPILATION_CONDITIONS = DEBUG;
				SWIFT_OPTIMIZATION_LEVEL = "-Onone";
			};
			name = Debug;
		};
		D590C23E259623CA00B833E3 /* Release */ = {
			isa = XCBuildConfiguration;
			buildSettings = {
				ALWAYS_SEARCH_USER_PATHS = NO;
				CLANG_ANALYZER_NONNULL = YES;
				CLANG_ANALYZER_NUMBER_OBJECT_CONVERSION = YES_AGGRESSIVE;
				CLANG_CXX_LANGUAGE_STANDARD = "gnu++14";
				CLANG_CXX_LIBRARY = "libc++";
				CLANG_ENABLE_MODULES = YES;
				CLANG_ENABLE_OBJC_ARC = YES;
				CLANG_ENABLE_OBJC_WEAK = YES;
				CLANG_WARN_BLOCK_CAPTURE_AUTORELEASING = YES;
				CLANG_WARN_BOOL_CONVERSION = YES;
				CLANG_WARN_COMMA = YES;
				CLANG_WARN_CONSTANT_CONVERSION = YES;
				CLANG_WARN_DEPRECATED_OBJC_IMPLEMENTATIONS = YES;
				CLANG_WARN_DIRECT_OBJC_ISA_USAGE = YES_ERROR;
				CLANG_WARN_DOCUMENTATION_COMMENTS = YES;
				CLANG_WARN_EMPTY_BODY = YES;
				CLANG_WARN_ENUM_CONVERSION = YES;
				CLANG_WARN_INFINITE_RECURSION = YES;
				CLANG_WARN_INT_CONVERSION = YES;
				CLANG_WARN_NON_LITERAL_NULL_CONVERSION = YES;
				CLANG_WARN_OBJC_IMPLICIT_RETAIN_SELF = YES;
				CLANG_WARN_OBJC_LITERAL_CONVERSION = YES;
				CLANG_WARN_OBJC_ROOT_CLASS = YES_ERROR;
				CLANG_WARN_QUOTED_INCLUDE_IN_FRAMEWORK_HEADER = YES;
				CLANG_WARN_RANGE_LOOP_ANALYSIS = YES;
				CLANG_WARN_STRICT_PROTOTYPES = YES;
				CLANG_WARN_SUSPICIOUS_MOVE = YES;
				CLANG_WARN_UNGUARDED_AVAILABILITY = YES_AGGRESSIVE;
				CLANG_WARN_UNREACHABLE_CODE = YES;
				CLANG_WARN__DUPLICATE_METHOD_MATCH = YES;
				COPY_PHASE_STRIP = NO;
				DEBUG_INFORMATION_FORMAT = "dwarf-with-dsym";
				ENABLE_NS_ASSERTIONS = NO;
				ENABLE_STRICT_OBJC_MSGSEND = YES;
				GCC_C_LANGUAGE_STANDARD = gnu11;
				GCC_NO_COMMON_BLOCKS = YES;
				GCC_WARN_64_TO_32_BIT_CONVERSION = YES;
				GCC_WARN_ABOUT_RETURN_TYPE = YES_ERROR;
				GCC_WARN_UNDECLARED_SELECTOR = YES;
				GCC_WARN_UNINITIALIZED_AUTOS = YES_AGGRESSIVE;
				GCC_WARN_UNUSED_FUNCTION = YES;
				GCC_WARN_UNUSED_VARIABLE = YES;
				IPHONEOS_DEPLOYMENT_TARGET = 14.3;
				MTL_ENABLE_DEBUG_INFO = NO;
				MTL_FAST_MATH = YES;
				SDKROOT = iphoneos;
				SWIFT_COMPILATION_MODE = wholemodule;
				SWIFT_OPTIMIZATION_LEVEL = "-O";
				VALIDATE_PRODUCT = YES;
			};
			name = Release;
		};
		D590C240259623CA00B833E3 /* Debug */ = {
			isa = XCBuildConfiguration;
			baseConfigurationReference = F30F17C32ECB84AF217F22DE /* Pods-Bank.debug.xcconfig */;
			buildSettings = {
				ASSETCATALOG_COMPILER_APPICON_NAME = AppIcon;
				ASSETCATALOG_COMPILER_GLOBAL_ACCENT_COLOR_NAME = AccentColor;
				CODE_SIGN_STYLE = Automatic;
				DEVELOPMENT_TEAM = 3NYDB9XX8E;
				INFOPLIST_FILE = Bank/base/Info.plist;
				IPHONEOS_DEPLOYMENT_TARGET = 13.6;
				LD_RUNPATH_SEARCH_PATHS = (
					"$(inherited)",
					"@executable_path/Frameworks",
				);
				PRODUCT_BUNDLE_IDENTIFIER = com.openmindhouse.Bank;
				PRODUCT_NAME = "$(TARGET_NAME)";
				SWIFT_VERSION = 5.0;
				TARGETED_DEVICE_FAMILY = "1,2";
			};
			name = Debug;
		};
		D590C241259623CA00B833E3 /* Release */ = {
			isa = XCBuildConfiguration;
			baseConfigurationReference = 3181B3728BD49D2CC5B3D1A5 /* Pods-Bank.release.xcconfig */;
			buildSettings = {
				ASSETCATALOG_COMPILER_APPICON_NAME = AppIcon;
				ASSETCATALOG_COMPILER_GLOBAL_ACCENT_COLOR_NAME = AccentColor;
				CODE_SIGN_STYLE = Automatic;
				DEVELOPMENT_TEAM = 3NYDB9XX8E;
				INFOPLIST_FILE = Bank/base/Info.plist;
				IPHONEOS_DEPLOYMENT_TARGET = 13.6;
				LD_RUNPATH_SEARCH_PATHS = (
					"$(inherited)",
					"@executable_path/Frameworks",
				);
				PRODUCT_BUNDLE_IDENTIFIER = com.openmindhouse.Bank;
				PRODUCT_NAME = "$(TARGET_NAME)";
				SWIFT_VERSION = 5.0;
				TARGETED_DEVICE_FAMILY = "1,2";
			};
			name = Release;
		};
		D590C243259623CA00B833E3 /* Debug */ = {
			isa = XCBuildConfiguration;
			baseConfigurationReference = 951D8A1A4EC226F6358D1024 /* Pods-BankTests.debug.xcconfig */;
			buildSettings = {
				ALWAYS_EMBED_SWIFT_STANDARD_LIBRARIES = YES;
				BUNDLE_LOADER = "$(TEST_HOST)";
				CODE_SIGN_STYLE = Automatic;
				DEVELOPMENT_TEAM = 3NYDB9XX8E;
				INFOPLIST_FILE = BankTests/base/Info.plist;
				IPHONEOS_DEPLOYMENT_TARGET = 14.3;
				LD_RUNPATH_SEARCH_PATHS = (
					"$(inherited)",
					"@executable_path/Frameworks",
					"@loader_path/Frameworks",
				);
				PRODUCT_BUNDLE_IDENTIFIER = com.openmindhouse.BankTests;
				PRODUCT_NAME = "$(TARGET_NAME)";
				SWIFT_VERSION = 5.0;
				TARGETED_DEVICE_FAMILY = "1,2";
				TEST_HOST = "$(BUILT_PRODUCTS_DIR)/Bank.app/Bank";
			};
			name = Debug;
		};
		D590C244259623CA00B833E3 /* Release */ = {
			isa = XCBuildConfiguration;
			baseConfigurationReference = 7AFC1473C5AB2D34D7077D2C /* Pods-BankTests.release.xcconfig */;
			buildSettings = {
				ALWAYS_EMBED_SWIFT_STANDARD_LIBRARIES = YES;
				BUNDLE_LOADER = "$(TEST_HOST)";
				CODE_SIGN_STYLE = Automatic;
				DEVELOPMENT_TEAM = 3NYDB9XX8E;
				INFOPLIST_FILE = BankTests/base/Info.plist;
				IPHONEOS_DEPLOYMENT_TARGET = 14.3;
				LD_RUNPATH_SEARCH_PATHS = (
					"$(inherited)",
					"@executable_path/Frameworks",
					"@loader_path/Frameworks",
				);
				PRODUCT_BUNDLE_IDENTIFIER = com.openmindhouse.BankTests;
				PRODUCT_NAME = "$(TARGET_NAME)";
				SWIFT_VERSION = 5.0;
				TARGETED_DEVICE_FAMILY = "1,2";
				TEST_HOST = "$(BUILT_PRODUCTS_DIR)/Bank.app/Bank";
			};
			name = Release;
		};
		D590C246259623CA00B833E3 /* Debug */ = {
			isa = XCBuildConfiguration;
			baseConfigurationReference = D14F8A21603C4F3117110156 /* Pods-Bank-BankUITests.debug.xcconfig */;
			buildSettings = {
				CODE_SIGN_STYLE = Automatic;
				DEVELOPMENT_TEAM = 3NYDB9XX8E;
				INFOPLIST_FILE = BankUITests/base/Info.plist;
				LD_RUNPATH_SEARCH_PATHS = (
					"$(inherited)",
					"@executable_path/Frameworks",
					"@loader_path/Frameworks",
				);
				PRODUCT_BUNDLE_IDENTIFIER = com.openmindhouse.BankUITests;
				PRODUCT_NAME = "$(TARGET_NAME)";
				SWIFT_VERSION = 5.0;
				TARGETED_DEVICE_FAMILY = "1,2";
				TEST_TARGET_NAME = Bank;
			};
			name = Debug;
		};
		D590C247259623CA00B833E3 /* Release */ = {
			isa = XCBuildConfiguration;
			baseConfigurationReference = D96BF08EB01579AD15D20E82 /* Pods-Bank-BankUITests.release.xcconfig */;
			buildSettings = {
				CODE_SIGN_STYLE = Automatic;
				DEVELOPMENT_TEAM = 3NYDB9XX8E;
				INFOPLIST_FILE = BankUITests/base/Info.plist;
				LD_RUNPATH_SEARCH_PATHS = (
					"$(inherited)",
					"@executable_path/Frameworks",
					"@loader_path/Frameworks",
				);
				PRODUCT_BUNDLE_IDENTIFIER = com.openmindhouse.BankUITests;
				PRODUCT_NAME = "$(TARGET_NAME)";
				SWIFT_VERSION = 5.0;
				TARGETED_DEVICE_FAMILY = "1,2";
				TEST_TARGET_NAME = Bank;
			};
			name = Release;
		};
/* End XCBuildConfiguration section */

/* Begin XCConfigurationList section */
		D590C210259623C800B833E3 /* Build configuration list for PBXProject "Bank" */ = {
			isa = XCConfigurationList;
			buildConfigurations = (
				D590C23D259623CA00B833E3 /* Debug */,
				D590C23E259623CA00B833E3 /* Release */,
			);
			defaultConfigurationIsVisible = 0;
			defaultConfigurationName = Release;
		};
		D590C23F259623CA00B833E3 /* Build configuration list for PBXNativeTarget "Bank" */ = {
			isa = XCConfigurationList;
			buildConfigurations = (
				D590C240259623CA00B833E3 /* Debug */,
				D590C241259623CA00B833E3 /* Release */,
			);
			defaultConfigurationIsVisible = 0;
			defaultConfigurationName = Release;
		};
		D590C242259623CA00B833E3 /* Build configuration list for PBXNativeTarget "BankTests" */ = {
			isa = XCConfigurationList;
			buildConfigurations = (
				D590C243259623CA00B833E3 /* Debug */,
				D590C244259623CA00B833E3 /* Release */,
			);
			defaultConfigurationIsVisible = 0;
			defaultConfigurationName = Release;
		};
		D590C245259623CA00B833E3 /* Build configuration list for PBXNativeTarget "BankUITests" */ = {
			isa = XCConfigurationList;
			buildConfigurations = (
				D590C246259623CA00B833E3 /* Debug */,
				D590C247259623CA00B833E3 /* Release */,
			);
			defaultConfigurationIsVisible = 0;
			defaultConfigurationName = Release;
		};
/* End XCConfigurationList section */
	};
	rootObject = D590C20D259623C800B833E3 /* Project object */;
}
